# This file is generated by running "yarn install" inside your project.
# Manual changes might be lost - proceed with caution!

__metadata:
  version: 6

"@types/soundtouchjs@workspace:.":
  version: 0.0.0-use.local
  resolution: "@types/soundtouchjs@workspace:."
  dependencies:
    "@types/soundtouchjs": "workspace:."
  languageName: unknown
  linkType: soft
